
Microsoft Visual Studio Solution File, Format Version 12.00
# Visual Studio Version 16
VisualStudioVersion = 16.0.30011.22
MinimumVisualStudioVersion = 10.0.40219.1
Project("{8BC9CEB8-8B4A-11D0-8D11-00A0C91BC942}") = "lab15", "lab15.vcxproj", "{2F8B95C1-C053-4A4A-BF74-E460A93661DD}"
EndProject
Global
	GlobalSection(SolutionConfigurationPlatforms) = preSolution
		Debug|x64 = Debug|x64
		Debug|x86 = Debug|x86
		Release|x64 = Release|x64
		Release|x86 = Release|x86
	EndGlobalSection
	GlobalSection(ProjectConfigurationPlatforms) = postSolution
		{2F8B95C1-C053-4A4A-BF74-E460A93661DD}.Debug|x64.ActiveCfg = Debug|x64
		{2F8B95C1-C053-4A4A-BF74-E460A93661DD}.Debug|x64.Build.0 = Debug|x64
		{2F8B95C1-C053-4A4A-BF74-E460A93661DD}.Debug|x86.ActiveCfg = Debug|Win32
		{2F8B95C1-C053-4A4A-BF74-E460A93661DD}.Debug|x86.Build.0 = Debug|Win32
		{2F8B95C1-C053-4A4A-BF74-E460A93661DD}.Release|x64.ActiveCfg = Release|x64
		{2F8B95C1-C053-4A4A-BF74-E460A93661DD}.Release|x64.Build.0 = Release|x64
		{2F8B95C1-C053-4A4A-BF74-E460A93661DD}.Release|x86.ActiveCfg = Release|Win32
		{2F8B95C1-C053-4A4A-BF74-E460A93661DD}.Release|x86.Build.0 = Release|Win32
	EndGlobalSection
	GlobalSection(SolutionProperties) = preSolution
		HideSolutionNode = FALSE
	EndGlobalSection
	GlobalSection(ExtensibilityGlobals) = postSolution
		SolutionGuid = {550D89E5-1E97-4E2B-8964-8251B86B80B6}
	EndGlobalSection
EndGlobal
