
Microsoft Visual Studio Solution File, Format Version 12.00
# Visual Studio Version 16
VisualStudioVersion = 16.0.29728.190
MinimumVisualStudioVersion = 10.0.40219.1
Project("{8BC9CEB8-8B4A-11D0-8D11-00A0C91BC942}") = "OpenCv", "OpenCv.vcxproj", "{859ED8D4-D859-49E3-B20A-8F6BCC75EDFD}"
EndProject
Global
	GlobalSection(SolutionConfigurationPlatforms) = preSolution
		Debug|x64 = Debug|x64
		Debug|x86 = Debug|x86
		Release|x64 = Release|x64
		Release|x86 = Release|x86
	EndGlobalSection
	GlobalSection(ProjectConfigurationPlatforms) = postSolution
		{859ED8D4-D859-49E3-B20A-8F6BCC75EDFD}.Debug|x64.ActiveCfg = Debug|x64
		{859ED8D4-D859-49E3-B20A-8F6BCC75EDFD}.Debug|x64.Build.0 = Debug|x64
		{859ED8D4-D859-49E3-B20A-8F6BCC75EDFD}.Debug|x86.ActiveCfg = Debug|Win32
		{859ED8D4-D859-49E3-B20A-8F6BCC75EDFD}.Debug|x86.Build.0 = Debug|Win32
		{859ED8D4-D859-49E3-B20A-8F6BCC75EDFD}.Release|x64.ActiveCfg = Release|x64
		{859ED8D4-D859-49E3-B20A-8F6BCC75EDFD}.Release|x64.Build.0 = Release|x64
		{859ED8D4-D859-49E3-B20A-8F6BCC75EDFD}.Release|x86.ActiveCfg = Release|Win32
		{859ED8D4-D859-49E3-B20A-8F6BCC75EDFD}.Release|x86.Build.0 = Release|Win32
	EndGlobalSection
	GlobalSection(SolutionProperties) = preSolution
		HideSolutionNode = FALSE
	EndGlobalSection
	GlobalSection(ExtensibilityGlobals) = postSolution
		SolutionGuid = {255E7FF0-8156-4771-A9A6-C1A6B7E89371}
	EndGlobalSection
EndGlobal
